
Microsoft Visual Studio Solution File, Format Version 12.00
# Visual Studio Version 17
VisualStudioVersion = 17.0.31903.59
MinimumVisualStudioVersion = 10.0.40219.1
Project("{2150E333-8FDC-42A3-9474-1A3956D46DE8}") = "apps", "apps", "{1787FE1D-075E-9E68-7218-25F1BD1BBEAB}"
EndProject
Project("{2150E333-8FDC-42A3-9474-1A3956D46DE8}") = "web", "web", "{1396454D-FB44-2984-11E6-5143FCF86122}"
EndProject
Project("{FAE04EC0-301F-11D3-BF4B-00C04F79EFBC}") = "Farm.Web.Host", "apps\web\Farm.Web.Host.csproj", "{3A3200D4-1170-47F7-B84F-E3A365795111}"
EndProject
Project("{FAE04EC0-301F-11D3-BF4B-00C04F79EFBC}") = "Farm.Web.Core", "web-modules\Farm.Web.Core\Farm.Web.Core.csproj", "{4A5D2102-C01C-4A56-B7B0-099362F6576E}"
EndProject
Project("{2150E333-8FDC-42A3-9474-1A3956D46DE8}") = "web-modules", "web-modules", "{06AA0DB8-CCE9-A6F6-62BC-E6A1B8E2792E}"
EndProject
Project("{FAE04EC0-301F-11D3-BF4B-00C04F79EFBC}") = "Farm.Irrigation.Calculators", "web-modules\Farm.Irrigation.Calculators\Farm.Irrigation.Calculators.csproj", "{C529EFE2-7C76-464B-B914-94AF32522DEB}"
EndProject
Project("{FAE04EC0-301F-11D3-BF4B-00C04F79EFBC}") = "Farm.Irrigation.Calculators.Tests", "web-modules\Farm.Irrigation.Calculators.Tests\Farm.Irrigation.Calculators.Tests.csproj", "{1A2B8E0E-4B44-4180-B45F-1CC26E36AF3A}"
EndProject
Project("{FAE04EC0-301F-11D3-BF4B-00C04F79EFBC}") = "Farm.Web.Irrigation", "web-modules\Farm.Web.Irrigation\Farm.Web.Irrigation.csproj", "{7635B82B-FD39-40AC-8522-F06091511815}"
EndProject
Project("{FAE04EC0-301F-11D3-BF4B-00C04F79EFBC}") = "Farm.Web.Irrigation.Tests", "web-modules\Farm.Web.Irrigation.Tests\Farm.Web.Irrigation.Tests.csproj", "{7F20B6A4-504B-4D61-9FF1-44178351D0B0}"
EndProject
Global
	GlobalSection(SolutionConfigurationPlatforms) = preSolution
		Debug|Any CPU = Debug|Any CPU
		Debug|x64 = Debug|x64
		Debug|x86 = Debug|x86
		Release|Any CPU = Release|Any CPU
		Release|x64 = Release|x64
		Release|x86 = Release|x86
	EndGlobalSection
	GlobalSection(ProjectConfigurationPlatforms) = postSolution
		{3A3200D4-1170-47F7-B84F-E3A365795111}.Debug|Any CPU.ActiveCfg = Debug|Any CPU
		{3A3200D4-1170-47F7-B84F-E3A365795111}.Debug|Any CPU.Build.0 = Debug|Any CPU
		{3A3200D4-1170-47F7-B84F-E3A365795111}.Debug|x64.ActiveCfg = Debug|Any CPU
		{3A3200D4-1170-47F7-B84F-E3A365795111}.Debug|x64.Build.0 = Debug|Any CPU
		{3A3200D4-1170-47F7-B84F-E3A365795111}.Debug|x86.ActiveCfg = Debug|Any CPU
		{3A3200D4-1170-47F7-B84F-E3A365795111}.Debug|x86.Build.0 = Debug|Any CPU
		{3A3200D4-1170-47F7-B84F-E3A365795111}.Release|Any CPU.ActiveCfg = Release|Any CPU
		{3A3200D4-1170-47F7-B84F-E3A365795111}.Release|Any CPU.Build.0 = Release|Any CPU
		{3A3200D4-1170-47F7-B84F-E3A365795111}.Release|x64.ActiveCfg = Release|Any CPU
		{3A3200D4-1170-47F7-B84F-E3A365795111}.Release|x64.Build.0 = Release|Any CPU
		{3A3200D4-1170-47F7-B84F-E3A365795111}.Release|x86.ActiveCfg = Release|Any CPU
		{3A3200D4-1170-47F7-B84F-E3A365795111}.Release|x86.Build.0 = Release|Any CPU
		{4A5D2102-C01C-4A56-B7B0-099362F6576E}.Debug|Any CPU.ActiveCfg = Debug|Any CPU
		{4A5D2102-C01C-4A56-B7B0-099362F6576E}.Debug|Any CPU.Build.0 = Debug|Any CPU
		{4A5D2102-C01C-4A56-B7B0-099362F6576E}.Debug|x64.ActiveCfg = Debug|Any CPU
		{4A5D2102-C01C-4A56-B7B0-099362F6576E}.Debug|x64.Build.0 = Debug|Any CPU
		{4A5D2102-C01C-4A56-B7B0-099362F6576E}.Debug|x86.ActiveCfg = Debug|Any CPU
		{4A5D2102-C01C-4A56-B7B0-099362F6576E}.Debug|x86.Build.0 = Debug|Any CPU
		{4A5D2102-C01C-4A56-B7B0-099362F6576E}.Release|Any CPU.ActiveCfg = Release|Any CPU
		{4A5D2102-C01C-4A56-B7B0-099362F6576E}.Release|Any CPU.Build.0 = Release|Any CPU
		{4A5D2102-C01C-4A56-B7B0-099362F6576E}.Release|x64.ActiveCfg = Release|Any CPU
		{4A5D2102-C01C-4A56-B7B0-099362F6576E}.Release|x64.Build.0 = Release|Any CPU
		{4A5D2102-C01C-4A56-B7B0-099362F6576E}.Release|x86.ActiveCfg = Release|Any CPU
		{4A5D2102-C01C-4A56-B7B0-099362F6576E}.Release|x86.Build.0 = Release|Any CPU
		{C529EFE2-7C76-464B-B914-94AF32522DEB}.Debug|Any CPU.ActiveCfg = Debug|Any CPU
		{C529EFE2-7C76-464B-B914-94AF32522DEB}.Debug|Any CPU.Build.0 = Debug|Any CPU
		{C529EFE2-7C76-464B-B914-94AF32522DEB}.Debug|x64.ActiveCfg = Debug|Any CPU
		{C529EFE2-7C76-464B-B914-94AF32522DEB}.Debug|x64.Build.0 = Debug|Any CPU
		{C529EFE2-7C76-464B-B914-94AF32522DEB}.Debug|x86.ActiveCfg = Debug|Any CPU
		{C529EFE2-7C76-464B-B914-94AF32522DEB}.Debug|x86.Build.0 = Debug|Any CPU
		{C529EFE2-7C76-464B-B914-94AF32522DEB}.Release|Any CPU.ActiveCfg = Release|Any CPU
		{C529EFE2-7C76-464B-B914-94AF32522DEB}.Release|Any CPU.Build.0 = Release|Any CPU
		{C529EFE2-7C76-464B-B914-94AF32522DEB}.Release|x64.ActiveCfg = Release|Any CPU
		{C529EFE2-7C76-464B-B914-94AF32522DEB}.Release|x64.Build.0 = Release|Any CPU
		{C529EFE2-7C76-464B-B914-94AF32522DEB}.Release|x86.ActiveCfg = Release|Any CPU
		{C529EFE2-7C76-464B-B914-94AF32522DEB}.Release|x86.Build.0 = Release|Any CPU
		{1A2B8E0E-4B44-4180-B45F-1CC26E36AF3A}.Debug|Any CPU.ActiveCfg = Debug|Any CPU
		{1A2B8E0E-4B44-4180-B45F-1CC26E36AF3A}.Debug|Any CPU.Build.0 = Debug|Any CPU
		{1A2B8E0E-4B44-4180-B45F-1CC26E36AF3A}.Debug|x64.ActiveCfg = Debug|Any CPU
		{1A2B8E0E-4B44-4180-B45F-1CC26E36AF3A}.Debug|x64.Build.0 = Debug|Any CPU
		{1A2B8E0E-4B44-4180-B45F-1CC26E36AF3A}.Debug|x86.ActiveCfg = Debug|Any CPU
		{1A2B8E0E-4B44-4180-B45F-1CC26E36AF3A}.Debug|x86.Build.0 = Debug|Any CPU
		{1A2B8E0E-4B44-4180-B45F-1CC26E36AF3A}.Release|Any CPU.ActiveCfg = Release|Any CPU
		{1A2B8E0E-4B44-4180-B45F-1CC26E36AF3A}.Release|Any CPU.Build.0 = Release|Any CPU
		{1A2B8E0E-4B44-4180-B45F-1CC26E36AF3A}.Release|x64.ActiveCfg = Release|Any CPU
		{1A2B8E0E-4B44-4180-B45F-1CC26E36AF3A}.Release|x64.Build.0 = Release|Any CPU
		{1A2B8E0E-4B44-4180-B45F-1CC26E36AF3A}.Release|x86.ActiveCfg = Release|Any CPU
		{1A2B8E0E-4B44-4180-B45F-1CC26E36AF3A}.Release|x86.Build.0 = Release|Any CPU
		{7635B82B-FD39-40AC-8522-F06091511815}.Debug|Any CPU.ActiveCfg = Debug|Any CPU
		{7635B82B-FD39-40AC-8522-F06091511815}.Debug|Any CPU.Build.0 = Debug|Any CPU
		{7635B82B-FD39-40AC-8522-F06091511815}.Debug|x64.ActiveCfg = Debug|Any CPU
		{7635B82B-FD39-40AC-8522-F06091511815}.Debug|x64.Build.0 = Debug|Any CPU
		{7635B82B-FD39-40AC-8522-F06091511815}.Debug|x86.ActiveCfg = Debug|Any CPU
		{7635B82B-FD39-40AC-8522-F06091511815}.Debug|x86.Build.0 = Debug|Any CPU
		{7635B82B-FD39-40AC-8522-F06091511815}.Release|Any CPU.ActiveCfg = Release|Any CPU
		{7635B82B-FD39-40AC-8522-F06091511815}.Release|Any CPU.Build.0 = Release|Any CPU
		{7635B82B-FD39-40AC-8522-F06091511815}.Release|x64.ActiveCfg = Release|Any CPU
		{7635B82B-FD39-40AC-8522-F06091511815}.Release|x64.Build.0 = Release|Any CPU
		{7635B82B-FD39-40AC-8522-F06091511815}.Release|x86.ActiveCfg = Release|Any CPU
		{7635B82B-FD39-40AC-8522-F06091511815}.Release|x86.Build.0 = Release|Any CPU
		{7F20B6A4-504B-4D61-9FF1-44178351D0B0}.Debug|Any CPU.ActiveCfg = Debug|Any CPU
		{7F20B6A4-504B-4D61-9FF1-44178351D0B0}.Debug|Any CPU.Build.0 = Debug|Any CPU
		{7F20B6A4-504B-4D61-9FF1-44178351D0B0}.Debug|x64.ActiveCfg = Debug|Any CPU
		{7F20B6A4-504B-4D61-9FF1-44178351D0B0}.Debug|x64.Build.0 = Debug|Any CPU
		{7F20B6A4-504B-4D61-9FF1-44178351D0B0}.Debug|x86.ActiveCfg = Debug|Any CPU
		{7F20B6A4-504B-4D61-9FF1-44178351D0B0}.Debug|x86.Build.0 = Debug|Any CPU
		{7F20B6A4-504B-4D61-9FF1-44178351D0B0}.Release|Any CPU.ActiveCfg = Release|Any CPU
		{7F20B6A4-504B-4D61-9FF1-44178351D0B0}.Release|Any CPU.Build.0 = Release|Any CPU
		{7F20B6A4-504B-4D61-9FF1-44178351D0B0}.Release|x64.ActiveCfg = Release|Any CPU
		{7F20B6A4-504B-4D61-9FF1-44178351D0B0}.Release|x64.Build.0 = Release|Any CPU
		{7F20B6A4-504B-4D61-9FF1-44178351D0B0}.Release|x86.ActiveCfg = Release|Any CPU
		{7F20B6A4-504B-4D61-9FF1-44178351D0B0}.Release|x86.Build.0 = Release|Any CPU
	EndGlobalSection
	GlobalSection(SolutionProperties) = preSolution
		HideSolutionNode = FALSE
	EndGlobalSection
	GlobalSection(NestedProjects) = preSolution
		{1396454D-FB44-2984-11E6-5143FCF86122} = {1787FE1D-075E-9E68-7218-25F1BD1BBEAB}
		{3A3200D4-1170-47F7-B84F-E3A365795111} = {1396454D-FB44-2984-11E6-5143FCF86122}
		{4A5D2102-C01C-4A56-B7B0-099362F6576E} = {1396454D-FB44-2984-11E6-5143FCF86122}
		{C529EFE2-7C76-464B-B914-94AF32522DEB} = {06AA0DB8-CCE9-A6F6-62BC-E6A1B8E2792E}
		{1A2B8E0E-4B44-4180-B45F-1CC26E36AF3A} = {06AA0DB8-CCE9-A6F6-62BC-E6A1B8E2792E}
		{7635B82B-FD39-40AC-8522-F06091511815} = {06AA0DB8-CCE9-A6F6-62BC-E6A1B8E2792E}
		{7F20B6A4-504B-4D61-9FF1-44178351D0B0} = {06AA0DB8-CCE9-A6F6-62BC-E6A1B8E2792E}
	EndGlobalSection
EndGlobal
