
Microsoft Visual Studio Solution File, Format Version 12.00
# Visual Studio Version 17
VisualStudioVersion = 17.0.31903.59
MinimumVisualStudioVersion = 10.0.40219.1
Project("{2150E333-8FDC-42A3-9474-1A3956D46DE8}") = "apps", "apps", "{1787FE1D-075E-9E68-7218-25F1BD1BBEAB}"
EndProject
Project("{2150E333-8FDC-42A3-9474-1A3956D46DE8}") = "web", "web", "{1396454D-FB44-2984-11E6-5143FCF86122}"
EndProject
Project("{FAE04EC0-301F-11D3-BF4B-00C04F79EFBC}") = "Farm.Web.Host", "apps\web\Farm.Web.Host.csproj", "{3A3200D4-1170-47F7-B84F-E3A365795111}"
EndProject
Project("{FAE04EC0-301F-11D3-BF4B-00C04F79EFBC}") = "Farm.Web.Core", "web-modules\Farm.Web.Core\Farm.Web.Core.csproj", "{4A5D2102-C01C-4A56-B7B0-099362F6576E}"
EndProject
Global
	GlobalSection(SolutionConfigurationPlatforms) = preSolution
		Debug|Any CPU = Debug|Any CPU
		Debug|x64 = Debug|x64
		Debug|x86 = Debug|x86
		Release|Any CPU = Release|Any CPU
		Release|x64 = Release|x64
		Release|x86 = Release|x86
	EndGlobalSection
	GlobalSection(ProjectConfigurationPlatforms) = postSolution
		{3A3200D4-1170-47F7-B84F-E3A365795111}.Debug|Any CPU.ActiveCfg = Debug|Any CPU
		{3A3200D4-1170-47F7-B84F-E3A365795111}.Debug|Any CPU.Build.0 = Debug|Any CPU
		{3A3200D4-1170-47F7-B84F-E3A365795111}.Debug|x64.ActiveCfg = Debug|Any CPU
		{3A3200D4-1170-47F7-B84F-E3A365795111}.Debug|x64.Build.0 = Debug|Any CPU
		{3A3200D4-1170-47F7-B84F-E3A365795111}.Debug|x86.ActiveCfg = Debug|Any CPU
		{3A3200D4-1170-47F7-B84F-E3A365795111}.Debug|x86.Build.0 = Debug|Any CPU
		{3A3200D4-1170-47F7-B84F-E3A365795111}.Release|Any CPU.ActiveCfg = Release|Any CPU
		{3A3200D4-1170-47F7-B84F-E3A365795111}.Release|Any CPU.Build.0 = Release|Any CPU
		{3A3200D4-1170-47F7-B84F-E3A365795111}.Release|x64.ActiveCfg = Release|Any CPU
		{3A3200D4-1170-47F7-B84F-E3A365795111}.Release|x64.Build.0 = Release|Any CPU
		{3A3200D4-1170-47F7-B84F-E3A365795111}.Release|x86.ActiveCfg = Release|Any CPU
		{3A3200D4-1170-47F7-B84F-E3A365795111}.Release|x86.Build.0 = Release|Any CPU
		{4A5D2102-C01C-4A56-B7B0-099362F6576E}.Debug|Any CPU.ActiveCfg = Debug|Any CPU
		{4A5D2102-C01C-4A56-B7B0-099362F6576E}.Debug|Any CPU.Build.0 = Debug|Any CPU
		{4A5D2102-C01C-4A56-B7B0-099362F6576E}.Debug|x64.ActiveCfg = Debug|Any CPU
		{4A5D2102-C01C-4A56-B7B0-099362F6576E}.Debug|x64.Build.0 = Debug|Any CPU
		{4A5D2102-C01C-4A56-B7B0-099362F6576E}.Debug|x86.ActiveCfg = Debug|Any CPU
		{4A5D2102-C01C-4A56-B7B0-099362F6576E}.Debug|x86.Build.0 = Debug|Any CPU
		{4A5D2102-C01C-4A56-B7B0-099362F6576E}.Release|Any CPU.ActiveCfg = Release|Any CPU
		{4A5D2102-C01C-4A56-B7B0-099362F6576E}.Release|Any CPU.Build.0 = Release|Any CPU
		{4A5D2102-C01C-4A56-B7B0-099362F6576E}.Release|x64.ActiveCfg = Release|Any CPU
		{4A5D2102-C01C-4A56-B7B0-099362F6576E}.Release|x64.Build.0 = Release|Any CPU
		{4A5D2102-C01C-4A56-B7B0-099362F6576E}.Release|x86.ActiveCfg = Release|Any CPU
		{4A5D2102-C01C-4A56-B7B0-099362F6576E}.Release|x86.Build.0 = Release|Any CPU
	EndGlobalSection
	GlobalSection(SolutionProperties) = preSolution
		HideSolutionNode = FALSE
	EndGlobalSection
	GlobalSection(NestedProjects) = preSolution
		{1396454D-FB44-2984-11E6-5143FCF86122} = {1787FE1D-075E-9E68-7218-25F1BD1BBEAB}
		{3A3200D4-1170-47F7-B84F-E3A365795111} = {1396454D-FB44-2984-11E6-5143FCF86122}
		{4A5D2102-C01C-4A56-B7B0-099362F6576E} = {1396454D-FB44-2984-11E6-5143FCF86122}
	EndGlobalSection
EndGlobal
